
Microsoft Visual Studio Solution File, Format Version 12.00
# Visual Studio Version 16
VisualStudioVersion = 16.0.30204.135
MinimumVisualStudioVersion = 10.0.40219.1
Project("{FAE04EC0-301F-11D3-BF4B-00C04F79EFBC}") = "EmbeddedFonts.UWP", "EmbeddedFonts\EmbeddedFonts.UWP\EmbeddedFonts.UWP.csproj", "{7D7F3BDC-ACE5-46A5-9CEE-D2AD6F906252}"
EndProject
Project("{FAE04EC0-301F-11D3-BF4B-00C04F79EFBC}") = "EmbeddedFonts.Android", "EmbeddedFonts\EmbeddedFonts.Android\EmbeddedFonts.Android.csproj", "{58A020F1-A9E8-49CF-9207-938428320E1E}"
EndProject
Project("{FAE04EC0-301F-11D3-BF4B-00C04F79EFBC}") = "EmbeddedFonts.iOS", "EmbeddedFonts\EmbeddedFonts.iOS\EmbeddedFonts.iOS.csproj", "{963EF367-E9B4-43E7-8F0C-DEF7D90B32CF}"
EndProject
Project("{FAE04EC0-301F-11D3-BF4B-00C04F79EFBC}") = "EmbeddedFonts", "EmbeddedFonts\EmbeddedFonts\EmbeddedFonts.csproj", "{1E0CD0D0-A300-4A12-86C7-B63E26D62AED}"
EndProject
Global
	GlobalSection(SolutionConfigurationPlatforms) = preSolution
		Debug|Any CPU = Debug|Any CPU
		Debug|ARM = Debug|ARM
		Debug|iPhone = Debug|iPhone
		Debug|iPhoneSimulator = Debug|iPhoneSimulator
		Debug|x64 = Debug|x64
		Debug|x86 = Debug|x86
		Release|Any CPU = Release|Any CPU
		Release|ARM = Release|ARM
		Release|iPhone = Release|iPhone
		Release|iPhoneSimulator = Release|iPhoneSimulator
		Release|x64 = Release|x64
		Release|x86 = Release|x86
	EndGlobalSection
	GlobalSection(ProjectConfigurationPlatforms) = postSolution
		{7D7F3BDC-ACE5-46A5-9CEE-D2AD6F906252}.Debug|Any CPU.ActiveCfg = Debug|x86
		{7D7F3BDC-ACE5-46A5-9CEE-D2AD6F906252}.Debug|Any CPU.Build.0 = Debug|x86
		{7D7F3BDC-ACE5-46A5-9CEE-D2AD6F906252}.Debug|Any CPU.Deploy.0 = Debug|x86
		{7D7F3BDC-ACE5-46A5-9CEE-D2AD6F906252}.Debug|ARM.ActiveCfg = Debug|ARM
		{7D7F3BDC-ACE5-46A5-9CEE-D2AD6F906252}.Debug|ARM.Build.0 = Debug|ARM
		{7D7F3BDC-ACE5-46A5-9CEE-D2AD6F906252}.Debug|ARM.Deploy.0 = Debug|ARM
		{7D7F3BDC-ACE5-46A5-9CEE-D2AD6F906252}.Debug|iPhone.ActiveCfg = Debug|x86
		{7D7F3BDC-ACE5-46A5-9CEE-D2AD6F906252}.Debug|iPhone.Build.0 = Debug|x86
		{7D7F3BDC-ACE5-46A5-9CEE-D2AD6F906252}.Debug|iPhone.Deploy.0 = Debug|x86
		{7D7F3BDC-ACE5-46A5-9CEE-D2AD6F906252}.Debug|iPhoneSimulator.ActiveCfg = Debug|x86
		{7D7F3BDC-ACE5-46A5-9CEE-D2AD6F906252}.Debug|iPhoneSimulator.Build.0 = Debug|x86
		{7D7F3BDC-ACE5-46A5-9CEE-D2AD6F906252}.Debug|iPhoneSimulator.Deploy.0 = Debug|x86
		{7D7F3BDC-ACE5-46A5-9CEE-D2AD6F906252}.Debug|x64.ActiveCfg = Debug|x64
		{7D7F3BDC-ACE5-46A5-9CEE-D2AD6F906252}.Debug|x64.Build.0 = Debug|x64
		{7D7F3BDC-ACE5-46A5-9CEE-D2AD6F906252}.Debug|x64.Deploy.0 = Debug|x64
		{7D7F3BDC-ACE5-46A5-9CEE-D2AD6F906252}.Debug|x86.ActiveCfg = Debug|x86
		{7D7F3BDC-ACE5-46A5-9CEE-D2AD6F906252}.Debug|x86.Build.0 = Debug|x86
		{7D7F3BDC-ACE5-46A5-9CEE-D2AD6F906252}.Debug|x86.Deploy.0 = Debug|x86
		{7D7F3BDC-ACE5-46A5-9CEE-D2AD6F906252}.Release|Any CPU.ActiveCfg = Release|x86
		{7D7F3BDC-ACE5-46A5-9CEE-D2AD6F906252}.Release|Any CPU.Build.0 = Release|x86
		{7D7F3BDC-ACE5-46A5-9CEE-D2AD6F906252}.Release|Any CPU.Deploy.0 = Release|x86
		{7D7F3BDC-ACE5-46A5-9CEE-D2AD6F906252}.Release|ARM.ActiveCfg = Release|ARM
		{7D7F3BDC-ACE5-46A5-9CEE-D2AD6F906252}.Release|ARM.Build.0 = Release|ARM
		{7D7F3BDC-ACE5-46A5-9CEE-D2AD6F906252}.Release|ARM.Deploy.0 = Release|ARM
		{7D7F3BDC-ACE5-46A5-9CEE-D2AD6F906252}.Release|iPhone.ActiveCfg = Release|x86
		{7D7F3BDC-ACE5-46A5-9CEE-D2AD6F906252}.Release|iPhone.Build.0 = Release|x86
		{7D7F3BDC-ACE5-46A5-9CEE-D2AD6F906252}.Release|iPhone.Deploy.0 = Release|x86
		{7D7F3BDC-ACE5-46A5-9CEE-D2AD6F906252}.Release|iPhoneSimulator.ActiveCfg = Release|x86
		{7D7F3BDC-ACE5-46A5-9CEE-D2AD6F906252}.Release|iPhoneSimulator.Build.0 = Release|x86
		{7D7F3BDC-ACE5-46A5-9CEE-D2AD6F906252}.Release|iPhoneSimulator.Deploy.0 = Release|x86
		{7D7F3BDC-ACE5-46A5-9CEE-D2AD6F906252}.Release|x64.ActiveCfg = Release|x64
		{7D7F3BDC-ACE5-46A5-9CEE-D2AD6F906252}.Release|x64.Build.0 = Release|x64
		{7D7F3BDC-ACE5-46A5-9CEE-D2AD6F906252}.Release|x64.Deploy.0 = Release|x64
		{7D7F3BDC-ACE5-46A5-9CEE-D2AD6F906252}.Release|x86.ActiveCfg = Release|x86
		{7D7F3BDC-ACE5-46A5-9CEE-D2AD6F906252}.Release|x86.Build.0 = Release|x86
		{7D7F3BDC-ACE5-46A5-9CEE-D2AD6F906252}.Release|x86.Deploy.0 = Release|x86
		{58A020F1-A9E8-49CF-9207-938428320E1E}.Debug|Any CPU.ActiveCfg = Debug|Any CPU
		{58A020F1-A9E8-49CF-9207-938428320E1E}.Debug|Any CPU.Build.0 = Debug|Any CPU
		{58A020F1-A9E8-49CF-9207-938428320E1E}.Debug|Any CPU.Deploy.0 = Debug|Any CPU
		{58A020F1-A9E8-49CF-9207-938428320E1E}.Debug|ARM.ActiveCfg = Debug|Any CPU
		{58A020F1-A9E8-49CF-9207-938428320E1E}.Debug|ARM.Build.0 = Debug|Any CPU
		{58A020F1-A9E8-49CF-9207-938428320E1E}.Debug|ARM.Deploy.0 = Debug|Any CPU
		{58A020F1-A9E8-49CF-9207-938428320E1E}.Debug|iPhone.ActiveCfg = Debug|Any CPU
		{58A020F1-A9E8-49CF-9207-938428320E1E}.Debug|iPhone.Build.0 = Debug|Any CPU
		{58A020F1-A9E8-49CF-9207-938428320E1E}.Debug|iPhone.Deploy.0 = Debug|Any CPU
		{58A020F1-A9E8-49CF-9207-938428320E1E}.Debug|iPhoneSimulator.ActiveCfg = Debug|Any CPU
		{58A020F1-A9E8-49CF-9207-938428320E1E}.Debug|iPhoneSimulator.Build.0 = Debug|Any CPU
		{58A020F1-A9E8-49CF-9207-938428320E1E}.Debug|iPhoneSimulator.Deploy.0 = Debug|Any CPU
		{58A020F1-A9E8-49CF-9207-938428320E1E}.Debug|x64.ActiveCfg = Debug|Any CPU
		{58A020F1-A9E8-49CF-9207-938428320E1E}.Debug|x64.Build.0 = Debug|Any CPU
		{58A020F1-A9E8-49CF-9207-938428320E1E}.Debug|x64.Deploy.0 = Debug|Any CPU
		{58A020F1-A9E8-49CF-9207-938428320E1E}.Debug|x86.ActiveCfg = Debug|Any CPU
		{58A020F1-A9E8-49CF-9207-938428320E1E}.Debug|x86.Build.0 = Debug|Any CPU
		{58A020F1-A9E8-49CF-9207-938428320E1E}.Debug|x86.Deploy.0 = Debug|Any CPU
		{58A020F1-A9E8-49CF-9207-938428320E1E}.Release|Any CPU.ActiveCfg = Release|Any CPU
		{58A020F1-A9E8-49CF-9207-938428320E1E}.Release|Any CPU.Build.0 = Release|Any CPU
		{58A020F1-A9E8-49CF-9207-938428320E1E}.Release|Any CPU.Deploy.0 = Release|Any CPU
		{58A020F1-A9E8-49CF-9207-938428320E1E}.Release|ARM.ActiveCfg = Release|Any CPU
		{58A020F1-A9E8-49CF-9207-938428320E1E}.Release|ARM.Build.0 = Release|Any CPU
		{58A020F1-A9E8-49CF-9207-938428320E1E}.Release|ARM.Deploy.0 = Release|Any CPU
		{58A020F1-A9E8-49CF-9207-938428320E1E}.Release|iPhone.ActiveCfg = Release|Any CPU
		{58A020F1-A9E8-49CF-9207-938428320E1E}.Release|iPhone.Build.0 = Release|Any CPU
		{58A020F1-A9E8-49CF-9207-938428320E1E}.Release|iPhone.Deploy.0 = Release|Any CPU
		{58A020F1-A9E8-49CF-9207-938428320E1E}.Release|iPhoneSimulator.ActiveCfg = Release|Any CPU
		{58A020F1-A9E8-49CF-9207-938428320E1E}.Release|iPhoneSimulator.Build.0 = Release|Any CPU
		{58A020F1-A9E8-49CF-9207-938428320E1E}.Release|iPhoneSimulator.Deploy.0 = Release|Any CPU
		{58A020F1-A9E8-49CF-9207-938428320E1E}.Release|x64.ActiveCfg = Release|Any CPU
		{58A020F1-A9E8-49CF-9207-938428320E1E}.Release|x64.Build.0 = Release|Any CPU
		{58A020F1-A9E8-49CF-9207-938428320E1E}.Release|x64.Deploy.0 = Release|Any CPU
		{58A020F1-A9E8-49CF-9207-938428320E1E}.Release|x86.ActiveCfg = Release|Any CPU
		{58A020F1-A9E8-49CF-9207-938428320E1E}.Release|x86.Build.0 = Release|Any CPU
		{58A020F1-A9E8-49CF-9207-938428320E1E}.Release|x86.Deploy.0 = Release|Any CPU
		{963EF367-E9B4-43E7-8F0C-DEF7D90B32CF}.Debug|Any CPU.ActiveCfg = Debug|iPhone
		{963EF367-E9B4-43E7-8F0C-DEF7D90B32CF}.Debug|Any CPU.Build.0 = Debug|iPhone
		{963EF367-E9B4-43E7-8F0C-DEF7D90B32CF}.Debug|Any CPU.Deploy.0 = Debug|iPhone
		{963EF367-E9B4-43E7-8F0C-DEF7D90B32CF}.Debug|ARM.ActiveCfg = Debug|iPhone
		{963EF367-E9B4-43E7-8F0C-DEF7D90B32CF}.Debug|ARM.Build.0 = Debug|iPhone
		{963EF367-E9B4-43E7-8F0C-DEF7D90B32CF}.Debug|ARM.Deploy.0 = Debug|iPhone
		{963EF367-E9B4-43E7-8F0C-DEF7D90B32CF}.Debug|iPhone.ActiveCfg = Debug|iPhone
		{963EF367-E9B4-43E7-8F0C-DEF7D90B32CF}.Debug|iPhone.Build.0 = Debug|iPhone
		{963EF367-E9B4-43E7-8F0C-DEF7D90B32CF}.Debug|iPhone.Deploy.0 = Debug|iPhone
		{963EF367-E9B4-43E7-8F0C-DEF7D90B32CF}.Debug|iPhoneSimulator.ActiveCfg = Debug|iPhoneSimulator
		{963EF367-E9B4-43E7-8F0C-DEF7D90B32CF}.Debug|iPhoneSimulator.Build.0 = Debug|iPhoneSimulator
		{963EF367-E9B4-43E7-8F0C-DEF7D90B32CF}.Debug|iPhoneSimulator.Deploy.0 = Debug|iPhoneSimulator
		{963EF367-E9B4-43E7-8F0C-DEF7D90B32CF}.Debug|x64.ActiveCfg = Debug|iPhone
		{963EF367-E9B4-43E7-8F0C-DEF7D90B32CF}.Debug|x64.Build.0 = Debug|iPhone
		{963EF367-E9B4-43E7-8F0C-DEF7D90B32CF}.Debug|x64.Deploy.0 = Debug|iPhone
		{963EF367-E9B4-43E7-8F0C-DEF7D90B32CF}.Debug|x86.ActiveCfg = Debug|iPhone
		{963EF367-E9B4-43E7-8F0C-DEF7D90B32CF}.Debug|x86.Build.0 = Debug|iPhone
		{963EF367-E9B4-43E7-8F0C-DEF7D90B32CF}.Debug|x86.Deploy.0 = Debug|iPhone
		{963EF367-E9B4-43E7-8F0C-DEF7D90B32CF}.Release|Any CPU.ActiveCfg = Release|iPhone
		{963EF367-E9B4-43E7-8F0C-DEF7D90B32CF}.Release|Any CPU.Build.0 = Release|iPhone
		{963EF367-E9B4-43E7-8F0C-DEF7D90B32CF}.Release|Any CPU.Deploy.0 = Release|iPhone
		{963EF367-E9B4-43E7-8F0C-DEF7D90B32CF}.Release|ARM.ActiveCfg = Release|iPhone
		{963EF367-E9B4-43E7-8F0C-DEF7D90B32CF}.Release|ARM.Build.0 = Release|iPhone
		{963EF367-E9B4-43E7-8F0C-DEF7D90B32CF}.Release|ARM.Deploy.0 = Release|iPhone
		{963EF367-E9B4-43E7-8F0C-DEF7D90B32CF}.Release|iPhone.ActiveCfg = Release|iPhone
		{963EF367-E9B4-43E7-8F0C-DEF7D90B32CF}.Release|iPhone.Build.0 = Release|iPhone
		{963EF367-E9B4-43E7-8F0C-DEF7D90B32CF}.Release|iPhone.Deploy.0 = Release|iPhone
		{963EF367-E9B4-43E7-8F0C-DEF7D90B32CF}.Release|iPhoneSimulator.ActiveCfg = Release|iPhoneSimulator
		{963EF367-E9B4-43E7-8F0C-DEF7D90B32CF}.Release|iPhoneSimulator.Build.0 = Release|iPhoneSimulator
		{963EF367-E9B4-43E7-8F0C-DEF7D90B32CF}.Release|iPhoneSimulator.Deploy.0 = Release|iPhoneSimulator
		{963EF367-E9B4-43E7-8F0C-DEF7D90B32CF}.Release|x64.ActiveCfg = Release|iPhone
		{963EF367-E9B4-43E7-8F0C-DEF7D90B32CF}.Release|x64.Build.0 = Release|iPhone
		{963EF367-E9B4-43E7-8F0C-DEF7D90B32CF}.Release|x64.Deploy.0 = Release|iPhone
		{963EF367-E9B4-43E7-8F0C-DEF7D90B32CF}.Release|x86.ActiveCfg = Release|iPhone
		{963EF367-E9B4-43E7-8F0C-DEF7D90B32CF}.Release|x86.Build.0 = Release|iPhone
		{963EF367-E9B4-43E7-8F0C-DEF7D90B32CF}.Release|x86.Deploy.0 = Release|iPhone
		{1E0CD0D0-A300-4A12-86C7-B63E26D62AED}.Debug|Any CPU.ActiveCfg = Debug|Any CPU
		{1E0CD0D0-A300-4A12-86C7-B63E26D62AED}.Debug|Any CPU.Build.0 = Debug|Any CPU
		{1E0CD0D0-A300-4A12-86C7-B63E26D62AED}.Debug|Any CPU.Deploy.0 = Debug|Any CPU
		{1E0CD0D0-A300-4A12-86C7-B63E26D62AED}.Debug|ARM.ActiveCfg = Debug|Any CPU
		{1E0CD0D0-A300-4A12-86C7-B63E26D62AED}.Debug|ARM.Build.0 = Debug|Any CPU
		{1E0CD0D0-A300-4A12-86C7-B63E26D62AED}.Debug|ARM.Deploy.0 = Debug|Any CPU
		{1E0CD0D0-A300-4A12-86C7-B63E26D62AED}.Debug|iPhone.ActiveCfg = Debug|Any CPU
		{1E0CD0D0-A300-4A12-86C7-B63E26D62AED}.Debug|iPhone.Build.0 = Debug|Any CPU
		{1E0CD0D0-A300-4A12-86C7-B63E26D62AED}.Debug|iPhone.Deploy.0 = Debug|Any CPU
		{1E0CD0D0-A300-4A12-86C7-B63E26D62AED}.Debug|iPhoneSimulator.ActiveCfg = Debug|Any CPU
		{1E0CD0D0-A300-4A12-86C7-B63E26D62AED}.Debug|iPhoneSimulator.Build.0 = Debug|Any CPU
		{1E0CD0D0-A300-4A12-86C7-B63E26D62AED}.Debug|iPhoneSimulator.Deploy.0 = Debug|Any CPU
		{1E0CD0D0-A300-4A12-86C7-B63E26D62AED}.Debug|x64.ActiveCfg = Debug|Any CPU
		{1E0CD0D0-A300-4A12-86C7-B63E26D62AED}.Debug|x64.Build.0 = Debug|Any CPU
		{1E0CD0D0-A300-4A12-86C7-B63E26D62AED}.Debug|x64.Deploy.0 = Debug|Any CPU
		{1E0CD0D0-A300-4A12-86C7-B63E26D62AED}.Debug|x86.ActiveCfg = Debug|Any CPU
		{1E0CD0D0-A300-4A12-86C7-B63E26D62AED}.Debug|x86.Build.0 = Debug|Any CPU
		{1E0CD0D0-A300-4A12-86C7-B63E26D62AED}.Debug|x86.Deploy.0 = Debug|Any CPU
		{1E0CD0D0-A300-4A12-86C7-B63E26D62AED}.Release|Any CPU.ActiveCfg = Release|Any CPU
		{1E0CD0D0-A300-4A12-86C7-B63E26D62AED}.Release|Any CPU.Build.0 = Release|Any CPU
		{1E0CD0D0-A300-4A12-86C7-B63E26D62AED}.Release|Any CPU.Deploy.0 = Release|Any CPU
		{1E0CD0D0-A300-4A12-86C7-B63E26D62AED}.Release|ARM.ActiveCfg = Release|Any CPU
		{1E0CD0D0-A300-4A12-86C7-B63E26D62AED}.Release|ARM.Build.0 = Release|Any CPU
		{1E0CD0D0-A300-4A12-86C7-B63E26D62AED}.Release|ARM.Deploy.0 = Release|Any CPU
		{1E0CD0D0-A300-4A12-86C7-B63E26D62AED}.Release|iPhone.ActiveCfg = Release|Any CPU
		{1E0CD0D0-A300-4A12-86C7-B63E26D62AED}.Release|iPhone.Build.0 = Release|Any CPU
		{1E0CD0D0-A300-4A12-86C7-B63E26D62AED}.Release|iPhone.Deploy.0 = Release|Any CPU
		{1E0CD0D0-A300-4A12-86C7-B63E26D62AED}.Release|iPhoneSimulator.ActiveCfg = Release|Any CPU
		{1E0CD0D0-A300-4A12-86C7-B63E26D62AED}.Release|iPhoneSimulator.Build.0 = Release|Any CPU
		{1E0CD0D0-A300-4A12-86C7-B63E26D62AED}.Release|iPhoneSimulator.Deploy.0 = Release|Any CPU
		{1E0CD0D0-A300-4A12-86C7-B63E26D62AED}.Release|x64.ActiveCfg = Release|Any CPU
		{1E0CD0D0-A300-4A12-86C7-B63E26D62AED}.Release|x64.Build.0 = Release|Any CPU
		{1E0CD0D0-A300-4A12-86C7-B63E26D62AED}.Release|x64.Deploy.0 = Release|Any CPU
		{1E0CD0D0-A300-4A12-86C7-B63E26D62AED}.Release|x86.ActiveCfg = Release|Any CPU
		{1E0CD0D0-A300-4A12-86C7-B63E26D62AED}.Release|x86.Build.0 = Release|Any CPU
		{1E0CD0D0-A300-4A12-86C7-B63E26D62AED}.Release|x86.Deploy.0 = Release|Any CPU
	EndGlobalSection
	GlobalSection(SolutionProperties) = preSolution
		HideSolutionNode = FALSE
	EndGlobalSection
	GlobalSection(ExtensibilityGlobals) = postSolution
		SolutionGuid = {E0E51A80-BCA0-473F-9C48-0E986277EC68}
	EndGlobalSection
EndGlobal
